
Microsoft Visual Studio Solution File, Format Version 12.00
# Visual Studio Version 17
VisualStudioVersion = 17.3.32901.215
MinimumVisualStudioVersion = 10.0.40219.1
Project("{FAE04EC0-301F-11D3-BF4B-00C04F79EFBC}") = "HelloWorldNew", "HelloWorldNew\HelloWorldNew.csproj", "{4D72F0FC-949A-48D9-A60A-E72A237E633E}"
EndProject
Global
	GlobalSection(SolutionConfigurationPlatforms) = preSolution
		Debug|ARM = Debug|ARM
		Debug|ARM64 = Debug|ARM64
		Debug|x64 = Debug|x64
		Debug|x86 = Debug|x86
		Release|ARM = Release|ARM
		Release|ARM64 = Release|ARM64
		Release|x64 = Release|x64
		Release|x86 = Release|x86
	EndGlobalSection
	GlobalSection(ProjectConfigurationPlatforms) = postSolution
		{4D72F0FC-949A-48D9-A60A-E72A237E633E}.Debug|ARM.ActiveCfg = Debug|ARM
		{4D72F0FC-949A-48D9-A60A-E72A237E633E}.Debug|ARM.Build.0 = Debug|ARM
		{4D72F0FC-949A-48D9-A60A-E72A237E633E}.Debug|ARM.Deploy.0 = Debug|ARM
		{4D72F0FC-949A-48D9-A60A-E72A237E633E}.Debug|ARM64.ActiveCfg = Debug|ARM64
		{4D72F0FC-949A-48D9-A60A-E72A237E633E}.Debug|ARM64.Build.0 = Debug|ARM64
		{4D72F0FC-949A-48D9-A60A-E72A237E633E}.Debug|ARM64.Deploy.0 = Debug|ARM64
		{4D72F0FC-949A-48D9-A60A-E72A237E633E}.Debug|x64.ActiveCfg = Debug|x64
		{4D72F0FC-949A-48D9-A60A-E72A237E633E}.Debug|x64.Build.0 = Debug|x64
		{4D72F0FC-949A-48D9-A60A-E72A237E633E}.Debug|x64.Deploy.0 = Debug|x64
		{4D72F0FC-949A-48D9-A60A-E72A237E633E}.Debug|x86.ActiveCfg = Debug|x86
		{4D72F0FC-949A-48D9-A60A-E72A237E633E}.Debug|x86.Build.0 = Debug|x86
		{4D72F0FC-949A-48D9-A60A-E72A237E633E}.Debug|x86.Deploy.0 = Debug|x86
		{4D72F0FC-949A-48D9-A60A-E72A237E633E}.Release|ARM.ActiveCfg = Release|ARM
		{4D72F0FC-949A-48D9-A60A-E72A237E633E}.Release|ARM.Build.0 = Release|ARM
		{4D72F0FC-949A-48D9-A60A-E72A237E633E}.Release|ARM.Deploy.0 = Release|ARM
		{4D72F0FC-949A-48D9-A60A-E72A237E633E}.Release|ARM64.ActiveCfg = Release|ARM64
		{4D72F0FC-949A-48D9-A60A-E72A237E633E}.Release|ARM64.Build.0 = Release|ARM64
		{4D72F0FC-949A-48D9-A60A-E72A237E633E}.Release|ARM64.Deploy.0 = Release|ARM64
		{4D72F0FC-949A-48D9-A60A-E72A237E633E}.Release|x64.ActiveCfg = Release|x64
		{4D72F0FC-949A-48D9-A60A-E72A237E633E}.Release|x64.Build.0 = Release|x64
		{4D72F0FC-949A-48D9-A60A-E72A237E633E}.Release|x64.Deploy.0 = Release|x64
		{4D72F0FC-949A-48D9-A60A-E72A237E633E}.Release|x86.ActiveCfg = Release|x86
		{4D72F0FC-949A-48D9-A60A-E72A237E633E}.Release|x86.Build.0 = Release|x86
		{4D72F0FC-949A-48D9-A60A-E72A237E633E}.Release|x86.Deploy.0 = Release|x86
	EndGlobalSection
	GlobalSection(SolutionProperties) = preSolution
		HideSolutionNode = FALSE
	EndGlobalSection
	GlobalSection(ExtensibilityGlobals) = postSolution
		SolutionGuid = {C49544C4-D761-4D0E-8F67-BD8809634016}
	EndGlobalSection
EndGlobal
